
Microsoft Visual Studio Solution File, Format Version 12.00
# Visual Studio Version 16
VisualStudioVersion = 16.0.30320.27
MinimumVisualStudioVersion = 10.0.40219.1
Project("{FAE04EC0-301F-11D3-BF4B-00C04F79EFBC}") = "GameServer", "GameServer\GameServer.csproj", "{1BBC8016-7180-4482-B167-EFAA5CD229EC}"
EndProject
Project("{FAE04EC0-301F-11D3-BF4B-00C04F79EFBC}") = "ServerCore", "ServerCore\ServerCore.csproj", "{78232017-9FB3-4580-B032-42DC4DDA7C9D}"
EndProject
Project("{FAE04EC0-301F-11D3-BF4B-00C04F79EFBC}") = "DummyClient", "DummyClient\DummyClient.csproj", "{E9F0991F-8514-4A13-B92B-AC054ADAFB0A}"
EndProject
Global
	GlobalSection(SolutionConfigurationPlatforms) = preSolution
		Debug|Any CPU = Debug|Any CPU
		Release|Any CPU = Release|Any CPU
	EndGlobalSection
	GlobalSection(ProjectConfigurationPlatforms) = postSolution
		{1BBC8016-7180-4482-B167-EFAA5CD229EC}.Debug|Any CPU.ActiveCfg = Debug|Any CPU
		{1BBC8016-7180-4482-B167-EFAA5CD229EC}.Debug|Any CPU.Build.0 = Debug|Any CPU
		{1BBC8016-7180-4482-B167-EFAA5CD229EC}.Release|Any CPU.ActiveCfg = Release|Any CPU
		{1BBC8016-7180-4482-B167-EFAA5CD229EC}.Release|Any CPU.Build.0 = Release|Any CPU
		{78232017-9FB3-4580-B032-42DC4DDA7C9D}.Debug|Any CPU.ActiveCfg = Debug|Any CPU
		{78232017-9FB3-4580-B032-42DC4DDA7C9D}.Debug|Any CPU.Build.0 = Debug|Any CPU
		{78232017-9FB3-4580-B032-42DC4DDA7C9D}.Release|Any CPU.ActiveCfg = Release|Any CPU
		{78232017-9FB3-4580-B032-42DC4DDA7C9D}.Release|Any CPU.Build.0 = Release|Any CPU
		{E9F0991F-8514-4A13-B92B-AC054ADAFB0A}.Debug|Any CPU.ActiveCfg = Debug|Any CPU
		{E9F0991F-8514-4A13-B92B-AC054ADAFB0A}.Debug|Any CPU.Build.0 = Debug|Any CPU
		{E9F0991F-8514-4A13-B92B-AC054ADAFB0A}.Release|Any CPU.ActiveCfg = Release|Any CPU
		{E9F0991F-8514-4A13-B92B-AC054ADAFB0A}.Release|Any CPU.Build.0 = Release|Any CPU
	EndGlobalSection
	GlobalSection(SolutionProperties) = preSolution
		HideSolutionNode = FALSE
	EndGlobalSection
	GlobalSection(ExtensibilityGlobals) = postSolution
		SolutionGuid = {1C5BE331-2676-4B39-A4DA-7AD6712F21F3}
	EndGlobalSection
EndGlobal
